
Microsoft Visual Studio Solution File, Format Version 12.00
# Visual Studio Version 17
VisualStudioVersion = 17.14.36930.0
MinimumVisualStudioVersion = 10.0.40219.1
Project("{FAE04EC0-301F-11D3-BF4B-00C04F79EFBC}") = "Bank.Domain", "Bank.Domain\Bank.Domain.csproj", "{02AEF6D8-69DB-4DC4-B59D-2B80FFF010A7}"
EndProject
Project("{FAE04EC0-301F-11D3-BF4B-00C04F79EFBC}") = "Bank.Application", "Bank.Application\Bank.Application.csproj", "{229A6ED2-E1AD-4B45-A916-F18FE0449ED4}"
EndProject
Project("{FAE04EC0-301F-11D3-BF4B-00C04F79EFBC}") = "Bank.Infrastructure", "Bank.Infrastructure\Bank.Infrastructure.csproj", "{7A2CD089-7CCD-4F19-83E2-26062A20583C}"
EndProject
Project("{FAE04EC0-301F-11D3-BF4B-00C04F79EFBC}") = "Bank.Api", "Bank.Api\Bank.Api.csproj", "{EB4297AC-43EA-48A4-BECC-8AE0B162E578}"
EndProject
Global
	GlobalSection(SolutionConfigurationPlatforms) = preSolution
		Debug|Any CPU = Debug|Any CPU
		Debug|x64 = Debug|x64
		Debug|x86 = Debug|x86
		Release|Any CPU = Release|Any CPU
		Release|x64 = Release|x64
		Release|x86 = Release|x86
	EndGlobalSection
	GlobalSection(ProjectConfigurationPlatforms) = postSolution
		{02AEF6D8-69DB-4DC4-B59D-2B80FFF010A7}.Debug|Any CPU.ActiveCfg = Debug|Any CPU
		{02AEF6D8-69DB-4DC4-B59D-2B80FFF010A7}.Debug|Any CPU.Build.0 = Debug|Any CPU
		{02AEF6D8-69DB-4DC4-B59D-2B80FFF010A7}.Debug|x64.ActiveCfg = Debug|Any CPU
		{02AEF6D8-69DB-4DC4-B59D-2B80FFF010A7}.Debug|x64.Build.0 = Debug|Any CPU
		{02AEF6D8-69DB-4DC4-B59D-2B80FFF010A7}.Debug|x86.ActiveCfg = Debug|Any CPU
		{02AEF6D8-69DB-4DC4-B59D-2B80FFF010A7}.Debug|x86.Build.0 = Debug|Any CPU
		{02AEF6D8-69DB-4DC4-B59D-2B80FFF010A7}.Release|Any CPU.ActiveCfg = Release|Any CPU
		{02AEF6D8-69DB-4DC4-B59D-2B80FFF010A7}.Release|Any CPU.Build.0 = Release|Any CPU
		{02AEF6D8-69DB-4DC4-B59D-2B80FFF010A7}.Release|x64.ActiveCfg = Release|Any CPU
		{02AEF6D8-69DB-4DC4-B59D-2B80FFF010A7}.Release|x64.Build.0 = Release|Any CPU
		{02AEF6D8-69DB-4DC4-B59D-2B80FFF010A7}.Release|x86.ActiveCfg = Release|Any CPU
		{02AEF6D8-69DB-4DC4-B59D-2B80FFF010A7}.Release|x86.Build.0 = Release|Any CPU
		{229A6ED2-E1AD-4B45-A916-F18FE0449ED4}.Debug|Any CPU.ActiveCfg = Debug|Any CPU
		{229A6ED2-E1AD-4B45-A916-F18FE0449ED4}.Debug|Any CPU.Build.0 = Debug|Any CPU
		{229A6ED2-E1AD-4B45-A916-F18FE0449ED4}.Debug|x64.ActiveCfg = Debug|Any CPU
		{229A6ED2-E1AD-4B45-A916-F18FE0449ED4}.Debug|x64.Build.0 = Debug|Any CPU
		{229A6ED2-E1AD-4B45-A916-F18FE0449ED4}.Debug|x86.ActiveCfg = Debug|Any CPU
		{229A6ED2-E1AD-4B45-A916-F18FE0449ED4}.Debug|x86.Build.0 = Debug|Any CPU
		{229A6ED2-E1AD-4B45-A916-F18FE0449ED4}.Release|Any CPU.ActiveCfg = Release|Any CPU
		{229A6ED2-E1AD-4B45-A916-F18FE0449ED4}.Release|Any CPU.Build.0 = Release|Any CPU
		{229A6ED2-E1AD-4B45-A916-F18FE0449ED4}.Release|x64.ActiveCfg = Release|Any CPU
		{229A6ED2-E1AD-4B45-A916-F18FE0449ED4}.Release|x64.Build.0 = Release|Any CPU
		{229A6ED2-E1AD-4B45-A916-F18FE0449ED4}.Release|x86.ActiveCfg = Release|Any CPU
		{229A6ED2-E1AD-4B45-A916-F18FE0449ED4}.Release|x86.Build.0 = Release|Any CPU
		{7A2CD089-7CCD-4F19-83E2-26062A20583C}.Debug|Any CPU.ActiveCfg = Debug|Any CPU
		{7A2CD089-7CCD-4F19-83E2-26062A20583C}.Debug|Any CPU.Build.0 = Debug|Any CPU
		{7A2CD089-7CCD-4F19-83E2-26062A20583C}.Debug|x64.ActiveCfg = Debug|Any CPU
		{7A2CD089-7CCD-4F19-83E2-26062A20583C}.Debug|x64.Build.0 = Debug|Any CPU
		{7A2CD089-7CCD-4F19-83E2-26062A20583C}.Debug|x86.ActiveCfg = Debug|Any CPU
		{7A2CD089-7CCD-4F19-83E2-26062A20583C}.Debug|x86.Build.0 = Debug|Any CPU
		{7A2CD089-7CCD-4F19-83E2-26062A20583C}.Release|Any CPU.ActiveCfg = Release|Any CPU
		{7A2CD089-7CCD-4F19-83E2-26062A20583C}.Release|Any CPU.Build.0 = Release|Any CPU
		{7A2CD089-7CCD-4F19-83E2-26062A20583C}.Release|x64.ActiveCfg = Release|Any CPU
		{7A2CD089-7CCD-4F19-83E2-26062A20583C}.Release|x64.Build.0 = Release|Any CPU
		{7A2CD089-7CCD-4F19-83E2-26062A20583C}.Release|x86.ActiveCfg = Release|Any CPU
		{7A2CD089-7CCD-4F19-83E2-26062A20583C}.Release|x86.Build.0 = Release|Any CPU
		{EB4297AC-43EA-48A4-BECC-8AE0B162E578}.Debug|Any CPU.ActiveCfg = Debug|Any CPU
		{EB4297AC-43EA-48A4-BECC-8AE0B162E578}.Debug|Any CPU.Build.0 = Debug|Any CPU
		{EB4297AC-43EA-48A4-BECC-8AE0B162E578}.Debug|x64.ActiveCfg = Debug|Any CPU
		{EB4297AC-43EA-48A4-BECC-8AE0B162E578}.Debug|x64.Build.0 = Debug|Any CPU
		{EB4297AC-43EA-48A4-BECC-8AE0B162E578}.Debug|x86.ActiveCfg = Debug|Any CPU
		{EB4297AC-43EA-48A4-BECC-8AE0B162E578}.Debug|x86.Build.0 = Debug|Any CPU
		{EB4297AC-43EA-48A4-BECC-8AE0B162E578}.Release|Any CPU.ActiveCfg = Release|Any CPU
		{EB4297AC-43EA-48A4-BECC-8AE0B162E578}.Release|Any CPU.Build.0 = Release|Any CPU
		{EB4297AC-43EA-48A4-BECC-8AE0B162E578}.Release|x64.ActiveCfg = Release|Any CPU
		{EB4297AC-43EA-48A4-BECC-8AE0B162E578}.Release|x64.Build.0 = Release|Any CPU
		{EB4297AC-43EA-48A4-BECC-8AE0B162E578}.Release|x86.ActiveCfg = Release|Any CPU
		{EB4297AC-43EA-48A4-BECC-8AE0B162E578}.Release|x86.Build.0 = Release|Any CPU
	EndGlobalSection
	GlobalSection(SolutionProperties) = preSolution
		HideSolutionNode = FALSE
	EndGlobalSection
	GlobalSection(ExtensibilityGlobals) = postSolution
		SolutionGuid = {7B4BFFC0-FA02-4473-BE7C-764B94209E1E}
	EndGlobalSection
EndGlobal
